<?xml version="1.0" encoding="utf-8"?>
<Project ToolsVersion="4.0" xmlns="http://schemas.microsoft.com/developer/msbuild/2003">
  <ItemGroup>
    <Filter Include="stdafx">
      <UniqueIdentifier>{d04c7808-9b83-4438-b8ee-649dc3c96dbe}</UniqueIdentifier>
    </Filter>
    <Filter Include="objects">
      <UniqueIdentifier>{53ef6530-3418-4407-bd0c-042da0c7c4f9}</UniqueIdentifier>
    </Filter>
    <Filter Include="devices">
      <UniqueIdentifier>{5c8cbee7-0e08-4d69-89be-e53468c6204a}</UniqueIdentifier>
    </Filter>
  </ItemGroup>
  <ItemGroup>
    <ClInclude Include="src\stdafx\stdafx.h">
      <Filter>stdafx</Filter>
    </ClInclude>
    <ClInclude Include="src\stdafx\targetver.h">
      <Filter>stdafx</Filter>
    </ClInclude>
    <ClInclude Include="src\match.hpp" />
    <ClInclude Include="src\helpers.hpp" />
    <ClInclude Include="src\dynamic_info.hpp" />
    <ClInclude Include="src\program_info.hpp" />
    <ClInclude Include="src\syscalls.hpp" />
    <ClInclude Include="src\bmi1.hpp" />
    <ClInclude Include="src\code_generators.hpp" />
    <ClInclude Include="src\rip_zone.hpp" />
    <ClInclude Include="src\rip_pointers.hpp" />
    <ClInclude Include="src\ksocket.hpp">
      <Filter>objects</Filter>
    </ClInclude>
    <ClInclude Include="src\object_table.hpp">
      <Filter>objects</Filter>
    </ClInclude>
    <ClInclude Include="src\notification_device.hpp">
      <Filter>devices</Filter>
    </ClInclude>
    <ClInclude Include="src\kobject.hpp">
      <Filter>objects</Filter>
    </ClInclude>
    <ClInclude Include="src\dipsw_device.hpp">
      <Filter>devices</Filter>
    </ClInclude>
    <ClInclude Include="src\eport_device.hpp">
      <Filter>devices</Filter>
    </ClInclude>
    <ClInclude Include="src\kfile.hpp">
      <Filter>objects</Filter>
    </ClInclude>
    <ClInclude Include="src\console_device.hpp">
      <Filter>devices</Filter>
    </ClInclude>
    <ClInclude Include="src\deci_tty_device.hpp">
      <Filter>devices</Filter>
    </ClInclude>
    <ClInclude Include="src\module.hpp" />
    <ClInclude Include="src\runtime.hpp" />
    <ClInclude Include="src\gc_device.hpp">
      <Filter>devices</Filter>
    </ClInclude>
  </ItemGroup>
  <ItemGroup>
    <ClCompile Include="src\stdafx\stdafx.cpp">
      <Filter>stdafx</Filter>
    </ClCompile>
    <ClCompile Include="src\main.cpp" />
    <ClCompile Include="src\match.cpp" />
    <ClCompile Include="src\helpers.cpp" />
    <ClCompile Include="src\dynamic_info.cpp" />
    <ClCompile Include="src\program_info.cpp" />
    <ClCompile Include="src\syscalls.cpp" />
    <ClCompile Include="src\bmi1.cpp" />
    <ClCompile Include="src\code_generators.cpp" />
    <ClCompile Include="src\object_table.cpp">
      <Filter>objects</Filter>
    </ClCompile>
    <ClCompile Include="src\ksocket.cpp">
      <Filter>objects</Filter>
    </ClCompile>
    <ClCompile Include="src\notification_device.cpp">
      <Filter>devices</Filter>
    </ClCompile>
    <ClCompile Include="src\kobject.cpp">
      <Filter>objects</Filter>
    </ClCompile>
    <ClCompile Include="src\dipsw_device.cpp">
      <Filter>devices</Filter>
    </ClCompile>
    <ClCompile Include="src\eport_device.cpp">
      <Filter>devices</Filter>
    </ClCompile>
    <ClCompile Include="src\kfile.cpp">
      <Filter>objects</Filter>
    </ClCompile>
    <ClCompile Include="src\console_device.cpp">
      <Filter>devices</Filter>
    </ClCompile>
    <ClCompile Include="src\deci_tty_device.cpp">
      <Filter>devices</Filter>
    </ClCompile>
    <ClCompile Include="src\module.cpp" />
    <ClCompile Include="src\runtime.cpp" />
    <ClCompile Include="src\gc_device.cpp">
      <Filter>devices</Filter>
    </ClCompile>
  </ItemGroup>
  <ItemGroup>
    <None Include="src\syscall_table.inl" />
  </ItemGroup>
</Project>